
Microsoft Visual Studio Solution File, Format Version 12.00
# Visual Studio Version 17
VisualStudioVersion = 17.0.31717.71
MinimumVisualStudioVersion = 10.0.40219.1
Project("{2150E333-8FDC-42A3-9474-1A3956D46DE8}") = "src", "src", "{419A6ACE-0419-4315-A6FB-B0E63D39432E}"
EndProject
Project("{2150E333-8FDC-42A3-9474-1A3956D46DE8}") = "test", "test", "{1C6DA277-991A-4F00-837C-D4D93D6E9ABE}"
EndProject
Project("{2150E333-8FDC-42A3-9474-1A3956D46DE8}") = "Core", "Core", "{FAD04AB4-E61A-4BCC-8F0E-0841526743F4}"
EndProject
Project("{2150E333-8FDC-42A3-9474-1A3956D46DE8}") = "Infrastructures", "Infrastructures", "{8EADA34A-DEF2-4DE9-A06A-112BBFBF44F7}"
EndProject
Project("{2150E333-8FDC-42A3-9474-1A3956D46DE8}") = "ApiGateways", "ApiGateways", "{6E501943-4C67-4087-8F42-D2B1ADC0A09E}"
EndProject
Project("{2150E333-8FDC-42A3-9474-1A3956D46DE8}") = "Docs", "Docs", "{8DE97E94-AEFA-4161-895D-B52688DFD032}"
EndProject
Project("{9A19103F-16F7-4668-BE54-9A1E7A4F7556}") = "Framework.Tools", "src\BuildingBlocks\Tools\Framework.Tools\Framework.Tools.csproj", "{07FA8401-4E25-432D-9893-46DA588E7FB0}"
EndProject
Project("{2150E333-8FDC-42A3-9474-1A3956D46DE8}") = "Tools", "Tools", "{27333250-61FA-4740-8C6C-8F56EAF22C6A}"
EndProject
Project("{2150E333-8FDC-42A3-9474-1A3956D46DE8}") = "BuildingBlocks", "BuildingBlocks", "{F0DB39AB-2769-47C7-921E-95720C62C34B}"
EndProject
Project("{2150E333-8FDC-42A3-9474-1A3956D46DE8}") = "Entities", "Entities", "{5DF08BED-25BD-489E-A70C-9717ADCA8F39}"
EndProject
Project("{9A19103F-16F7-4668-BE54-9A1E7A4F7556}") = "Framework.Entities", "src\BuildingBlocks\Entities\Framework.Entities\Framework.Entities.csproj", "{6A12B6F9-57FE-4015-8CB5-5E74B9CF635F}"
EndProject
Project("{2150E333-8FDC-42A3-9474-1A3956D46DE8}") = "WebApi", "WebApi", "{9E2CB44F-135C-454F-B7D9-4B6FA3D78BF6}"
EndProject
Project("{9A19103F-16F7-4668-BE54-9A1E7A4F7556}") = "Endpoints.WebApi", "src\WebApi\Endpoints\Endpoints.WebApi\Endpoints.WebApi.csproj", "{AD7E84C8-E243-4342-BDF9-C341CF4A3FE5}"
EndProject
Project("{9A19103F-16F7-4668-BE54-9A1E7A4F7556}") = "Endpoints.HttpGateway", "src\ApiGateways\Endpoints.HttpGateway\Endpoints.HttpGateway.csproj", "{41259A1B-C2BD-4B11-954E-D424A80C62B4}"
EndProject
Project("{9A19103F-16F7-4668-BE54-9A1E7A4F7556}") = "Framework.WebToolkit", "src\BuildingBlocks\Tools\Framework.WebToolkit\Framework.WebToolkit.csproj", "{0BCA0D5F-3955-4B88-8DC2-A102A9E0F981}"
EndProject
Project("{9A19103F-16F7-4668-BE54-9A1E7A4F7556}") = "WebApi.Infrastructures.Data", "src\WebApi\Infrastructures\WebApi.Infrastructures.Data\WebApi.Infrastructures.Data.csproj", "{50EEDB63-0C73-4856-9A10-55E2F0411253}"
EndProject
Project("{9A19103F-16F7-4668-BE54-9A1E7A4F7556}") = "WebApi.Core.Domain", "src\WebApi\Core\WebApi.Core.Domain\WebApi.Core.Domain.csproj", "{244855D5-8104-4EF6-B05C-AB24CE8D571B}"
EndProject
Project("{9A19103F-16F7-4668-BE54-9A1E7A4F7556}") = "WebApi.Core.ApplicationService", "src\WebApi\Core\WebApi.Core.ApplicationService\WebApi.Core.ApplicationService.csproj", "{3B688930-DB77-459F-8C8B-0408600984BD}"
EndProject
Project("{9A19103F-16F7-4668-BE54-9A1E7A4F7556}") = "Endpoints.Oauth", "src\Oauth\Endpoints\Endpoints.Oauth\Endpoints.Oauth.csproj", "{957557C3-167C-4F73-991C-B36651B4D1D9}"
EndProject
Project("{2150E333-8FDC-42A3-9474-1A3956D46DE8}") = "Oauth", "Oauth", "{8C8ADDA0-F997-46FC-B840-D26E32F478E6}"
EndProject
Project("{2150E333-8FDC-42A3-9474-1A3956D46DE8}") = "Infrastructures", "Infrastructures", "{C20B6AEA-7065-47DD-8B0D-8E6A77346750}"
EndProject
Project("{9A19103F-16F7-4668-BE54-9A1E7A4F7556}") = "Oauth.Infrastructures.Data", "src\Oauth\Infrastructures\Oauth.Infrastructures.Data\Oauth.Infrastructures.Data.csproj", "{653326BE-D49E-477E-B545-17914030A43D}"
EndProject
Project("{9A19103F-16F7-4668-BE54-9A1E7A4F7556}") = "Test.WebApi.Domain", "test\Test.WebApi.Domain\Test.WebApi.Domain.csproj", "{6B8E0521-24D0-41A8-8DEA-852F1285CF59}"
EndProject
Project("{9A19103F-16F7-4668-BE54-9A1E7A4F7556}") = "Test.WebApi", "test\Test.WebApi\Test.WebApi.csproj", "{F32FBB3E-1049-42A1-BC7D-4A10A97B6522}"
EndProject
Project("{2150E333-8FDC-42A3-9474-1A3956D46DE8}") = "Endpoints", "Endpoints", "{ADA8E4CC-AECB-448B-94A6-BA1FF47558BB}"
EndProject
Project("{2150E333-8FDC-42A3-9474-1A3956D46DE8}") = "Endpoints", "Endpoints", "{958092EA-AD03-487E-A9ED-EBBB4262151A}"
EndProject
Project("{9A19103F-16F7-4668-BE54-9A1E7A4F7556}") = "Test.WebApi.Infrastructure", "test\Test.WebApi.Infrastructure\Test.WebApi.Infrastructure.csproj", "{BD4CF59A-9AB1-498E-A1AC-C3575029A328}"
EndProject
Project("{2150E333-8FDC-42A3-9474-1A3956D46DE8}") = "ClientApp", "ClientApp", "{1536816A-014D-4EDB-850A-68AB4AF9625D}"
EndProject
Global
	GlobalSection(SolutionConfigurationPlatforms) = preSolution
		Debug|Any CPU = Debug|Any CPU
		Release|Any CPU = Release|Any CPU
	EndGlobalSection
	GlobalSection(ProjectConfigurationPlatforms) = postSolution
		{07FA8401-4E25-432D-9893-46DA588E7FB0}.Debug|Any CPU.ActiveCfg = Debug|Any CPU
		{07FA8401-4E25-432D-9893-46DA588E7FB0}.Debug|Any CPU.Build.0 = Debug|Any CPU
		{07FA8401-4E25-432D-9893-46DA588E7FB0}.Release|Any CPU.ActiveCfg = Release|Any CPU
		{07FA8401-4E25-432D-9893-46DA588E7FB0}.Release|Any CPU.Build.0 = Release|Any CPU
		{6A12B6F9-57FE-4015-8CB5-5E74B9CF635F}.Debug|Any CPU.ActiveCfg = Debug|Any CPU
		{6A12B6F9-57FE-4015-8CB5-5E74B9CF635F}.Debug|Any CPU.Build.0 = Debug|Any CPU
		{6A12B6F9-57FE-4015-8CB5-5E74B9CF635F}.Release|Any CPU.ActiveCfg = Release|Any CPU
		{6A12B6F9-57FE-4015-8CB5-5E74B9CF635F}.Release|Any CPU.Build.0 = Release|Any CPU
		{AD7E84C8-E243-4342-BDF9-C341CF4A3FE5}.Debug|Any CPU.ActiveCfg = Debug|Any CPU
		{AD7E84C8-E243-4342-BDF9-C341CF4A3FE5}.Debug|Any CPU.Build.0 = Debug|Any CPU
		{AD7E84C8-E243-4342-BDF9-C341CF4A3FE5}.Release|Any CPU.ActiveCfg = Release|Any CPU
		{AD7E84C8-E243-4342-BDF9-C341CF4A3FE5}.Release|Any CPU.Build.0 = Release|Any CPU
		{41259A1B-C2BD-4B11-954E-D424A80C62B4}.Debug|Any CPU.ActiveCfg = Debug|Any CPU
		{41259A1B-C2BD-4B11-954E-D424A80C62B4}.Debug|Any CPU.Build.0 = Debug|Any CPU
		{41259A1B-C2BD-4B11-954E-D424A80C62B4}.Release|Any CPU.ActiveCfg = Release|Any CPU
		{41259A1B-C2BD-4B11-954E-D424A80C62B4}.Release|Any CPU.Build.0 = Release|Any CPU
		{0BCA0D5F-3955-4B88-8DC2-A102A9E0F981}.Debug|Any CPU.ActiveCfg = Debug|Any CPU
		{0BCA0D5F-3955-4B88-8DC2-A102A9E0F981}.Debug|Any CPU.Build.0 = Debug|Any CPU
		{0BCA0D5F-3955-4B88-8DC2-A102A9E0F981}.Release|Any CPU.ActiveCfg = Release|Any CPU
		{0BCA0D5F-3955-4B88-8DC2-A102A9E0F981}.Release|Any CPU.Build.0 = Release|Any CPU
		{50EEDB63-0C73-4856-9A10-55E2F0411253}.Debug|Any CPU.ActiveCfg = Debug|Any CPU
		{50EEDB63-0C73-4856-9A10-55E2F0411253}.Debug|Any CPU.Build.0 = Debug|Any CPU
		{50EEDB63-0C73-4856-9A10-55E2F0411253}.Release|Any CPU.ActiveCfg = Release|Any CPU
		{50EEDB63-0C73-4856-9A10-55E2F0411253}.Release|Any CPU.Build.0 = Release|Any CPU
		{244855D5-8104-4EF6-B05C-AB24CE8D571B}.Debug|Any CPU.ActiveCfg = Debug|Any CPU
		{244855D5-8104-4EF6-B05C-AB24CE8D571B}.Debug|Any CPU.Build.0 = Debug|Any CPU
		{244855D5-8104-4EF6-B05C-AB24CE8D571B}.Release|Any CPU.ActiveCfg = Release|Any CPU
		{244855D5-8104-4EF6-B05C-AB24CE8D571B}.Release|Any CPU.Build.0 = Release|Any CPU
		{3B688930-DB77-459F-8C8B-0408600984BD}.Debug|Any CPU.ActiveCfg = Debug|Any CPU
		{3B688930-DB77-459F-8C8B-0408600984BD}.Debug|Any CPU.Build.0 = Debug|Any CPU
		{3B688930-DB77-459F-8C8B-0408600984BD}.Release|Any CPU.ActiveCfg = Release|Any CPU
		{3B688930-DB77-459F-8C8B-0408600984BD}.Release|Any CPU.Build.0 = Release|Any CPU
		{957557C3-167C-4F73-991C-B36651B4D1D9}.Debug|Any CPU.ActiveCfg = Debug|Any CPU
		{957557C3-167C-4F73-991C-B36651B4D1D9}.Debug|Any CPU.Build.0 = Debug|Any CPU
		{957557C3-167C-4F73-991C-B36651B4D1D9}.Release|Any CPU.ActiveCfg = Release|Any CPU
		{957557C3-167C-4F73-991C-B36651B4D1D9}.Release|Any CPU.Build.0 = Release|Any CPU
		{653326BE-D49E-477E-B545-17914030A43D}.Debug|Any CPU.ActiveCfg = Debug|Any CPU
		{653326BE-D49E-477E-B545-17914030A43D}.Debug|Any CPU.Build.0 = Debug|Any CPU
		{653326BE-D49E-477E-B545-17914030A43D}.Release|Any CPU.ActiveCfg = Release|Any CPU
		{653326BE-D49E-477E-B545-17914030A43D}.Release|Any CPU.Build.0 = Release|Any CPU
		{6B8E0521-24D0-41A8-8DEA-852F1285CF59}.Debug|Any CPU.ActiveCfg = Debug|Any CPU
		{6B8E0521-24D0-41A8-8DEA-852F1285CF59}.Debug|Any CPU.Build.0 = Debug|Any CPU
		{6B8E0521-24D0-41A8-8DEA-852F1285CF59}.Release|Any CPU.ActiveCfg = Release|Any CPU
		{6B8E0521-24D0-41A8-8DEA-852F1285CF59}.Release|Any CPU.Build.0 = Release|Any CPU
		{F32FBB3E-1049-42A1-BC7D-4A10A97B6522}.Debug|Any CPU.ActiveCfg = Debug|Any CPU
		{F32FBB3E-1049-42A1-BC7D-4A10A97B6522}.Debug|Any CPU.Build.0 = Debug|Any CPU
		{F32FBB3E-1049-42A1-BC7D-4A10A97B6522}.Release|Any CPU.ActiveCfg = Release|Any CPU
		{F32FBB3E-1049-42A1-BC7D-4A10A97B6522}.Release|Any CPU.Build.0 = Release|Any CPU
		{BD4CF59A-9AB1-498E-A1AC-C3575029A328}.Debug|Any CPU.ActiveCfg = Debug|Any CPU
		{BD4CF59A-9AB1-498E-A1AC-C3575029A328}.Debug|Any CPU.Build.0 = Debug|Any CPU
		{BD4CF59A-9AB1-498E-A1AC-C3575029A328}.Release|Any CPU.ActiveCfg = Release|Any CPU
		{BD4CF59A-9AB1-498E-A1AC-C3575029A328}.Release|Any CPU.Build.0 = Release|Any CPU
	EndGlobalSection
	GlobalSection(SolutionProperties) = preSolution
		HideSolutionNode = FALSE
	EndGlobalSection
	GlobalSection(NestedProjects) = preSolution
		{FAD04AB4-E61A-4BCC-8F0E-0841526743F4} = {9E2CB44F-135C-454F-B7D9-4B6FA3D78BF6}
		{8EADA34A-DEF2-4DE9-A06A-112BBFBF44F7} = {9E2CB44F-135C-454F-B7D9-4B6FA3D78BF6}
		{6E501943-4C67-4087-8F42-D2B1ADC0A09E} = {419A6ACE-0419-4315-A6FB-B0E63D39432E}
		{07FA8401-4E25-432D-9893-46DA588E7FB0} = {27333250-61FA-4740-8C6C-8F56EAF22C6A}
		{27333250-61FA-4740-8C6C-8F56EAF22C6A} = {F0DB39AB-2769-47C7-921E-95720C62C34B}
		{F0DB39AB-2769-47C7-921E-95720C62C34B} = {419A6ACE-0419-4315-A6FB-B0E63D39432E}
		{5DF08BED-25BD-489E-A70C-9717ADCA8F39} = {F0DB39AB-2769-47C7-921E-95720C62C34B}
		{6A12B6F9-57FE-4015-8CB5-5E74B9CF635F} = {5DF08BED-25BD-489E-A70C-9717ADCA8F39}
		{9E2CB44F-135C-454F-B7D9-4B6FA3D78BF6} = {419A6ACE-0419-4315-A6FB-B0E63D39432E}
		{AD7E84C8-E243-4342-BDF9-C341CF4A3FE5} = {ADA8E4CC-AECB-448B-94A6-BA1FF47558BB}
		{41259A1B-C2BD-4B11-954E-D424A80C62B4} = {6E501943-4C67-4087-8F42-D2B1ADC0A09E}
		{0BCA0D5F-3955-4B88-8DC2-A102A9E0F981} = {27333250-61FA-4740-8C6C-8F56EAF22C6A}
		{50EEDB63-0C73-4856-9A10-55E2F0411253} = {8EADA34A-DEF2-4DE9-A06A-112BBFBF44F7}
		{244855D5-8104-4EF6-B05C-AB24CE8D571B} = {FAD04AB4-E61A-4BCC-8F0E-0841526743F4}
		{3B688930-DB77-459F-8C8B-0408600984BD} = {FAD04AB4-E61A-4BCC-8F0E-0841526743F4}
		{957557C3-167C-4F73-991C-B36651B4D1D9} = {958092EA-AD03-487E-A9ED-EBBB4262151A}
		{8C8ADDA0-F997-46FC-B840-D26E32F478E6} = {419A6ACE-0419-4315-A6FB-B0E63D39432E}
		{C20B6AEA-7065-47DD-8B0D-8E6A77346750} = {8C8ADDA0-F997-46FC-B840-D26E32F478E6}
		{653326BE-D49E-477E-B545-17914030A43D} = {C20B6AEA-7065-47DD-8B0D-8E6A77346750}
		{6B8E0521-24D0-41A8-8DEA-852F1285CF59} = {1C6DA277-991A-4F00-837C-D4D93D6E9ABE}
		{F32FBB3E-1049-42A1-BC7D-4A10A97B6522} = {1C6DA277-991A-4F00-837C-D4D93D6E9ABE}
		{ADA8E4CC-AECB-448B-94A6-BA1FF47558BB} = {9E2CB44F-135C-454F-B7D9-4B6FA3D78BF6}
		{958092EA-AD03-487E-A9ED-EBBB4262151A} = {8C8ADDA0-F997-46FC-B840-D26E32F478E6}
		{BD4CF59A-9AB1-498E-A1AC-C3575029A328} = {1C6DA277-991A-4F00-837C-D4D93D6E9ABE}
		{1536816A-014D-4EDB-850A-68AB4AF9625D} = {419A6ACE-0419-4315-A6FB-B0E63D39432E}
	EndGlobalSection
	GlobalSection(ExtensibilityGlobals) = postSolution
		SolutionGuid = {49813262-5DA3-4D61-ABD3-493C74CE8C2B}
	EndGlobalSection
EndGlobal
